// !$*UTF8*$!
{
	archiveVersion = 1;
	classes = {
	};
	objectVersion = 56;
	objects = {

/* Begin PBXBuildFile section */
		0F4ED11E2AE2C72F001B76C9 /* UserManager.swift in Sources */ = {isa = PBXBuildFile; fileRef = 0F4ED11D2AE2C72F001B76C9 /* UserManager.swift */; };
		0FBE44AD2AE2B36300ADD482 /* LittleLemonApp.swift in Sources */ = {isa = PBXBuildFile; fileRef = 0FBE44AC2AE2B36300ADD482 /* LittleLemonApp.swift */; };
		0FBE44AF2AE2B36300ADD482 /* ContentView.swift in Sources */ = {isa = PBXBuildFile; fileRef = 0FBE44AE2AE2B36300ADD482 /* ContentView.swift */; };
		0FBE44B12AE2B36600ADD482 /* Assets.xcassets in Resources */ = {isa = PBXBuildFile; fileRef = 0FBE44B02AE2B36600ADD482 /* Assets.xcassets */; };
		0FBE44B42AE2B36600ADD482 /* Preview Assets.xcassets in Resources */ = {isa = PBXBuildFile; fileRef = 0FBE44B32AE2B36600ADD482 /* Preview Assets.xcassets */; };
		0FBE44BB2AE2B3AB00ADD482 /* Onboarding.swift in Sources */ = {isa = PBXBuildFile; fileRef = 0FBE44BA2AE2B3AB00ADD482 /* Onboarding.swift */; };
		0FBE44BF2AE2BE7200ADD482 /* Home.swift in Sources */ = {isa = PBXBuildFile; fileRef = 0FBE44BE2AE2BE7200ADD482 /* Home.swift */; };
		0FBE44C12AE2BE8A00ADD482 /* Header.swift in Sources */ = {isa = PBXBuildFile; fileRef = 0FBE44C02AE2BE8A00ADD482 /* Header.swift */; };
		0FBE44C32AE2BEBF00ADD482 /* Menu.swift in Sources */ = {isa = PBXBuildFile; fileRef = 0FBE44C22AE2BEBF00ADD482 /* Menu.swift */; };
		0FBE44C62AE2BF7800ADD482 /* Dish.xcdatamodeld in Sources */ = {isa = PBXBuildFile; fileRef = 0FBE44C42AE2BF7800ADD482 /* Dish.xcdatamodeld */; };
		0FBE44C82AE2BFC500ADD482 /* MenuList.swift in Sources */ = {isa = PBXBuildFile; fileRef = 0FBE44C72AE2BFC500ADD482 /* MenuList.swift */; };
		0FBE44CA2AE2BFE000ADD482 /* MenuItem.swift in Sources */ = {isa = PBXBuildFile; fileRef = 0FBE44C92AE2BFE000ADD482 /* MenuItem.swift */; };
		0FBE44CC2AE2C0E400ADD482 /* DetailDish.swift in Sources */ = {isa = PBXBuildFile; fileRef = 0FBE44CB2AE2C0E400ADD482 /* DetailDish.swift */; };
		0FBE44D02AE2C1AF00ADD482 /* FetchedObjects.swift in Sources */ = {isa = PBXBuildFile; fileRef = 0FBE44CE2AE2C1AF00ADD482 /* FetchedObjects.swift */; };
		0FBE44D12AE2C1AF00ADD482 /* Persistence.swift in Sources */ = {isa = PBXBuildFile; fileRef = 0FBE44CF2AE2C1AF00ADD482 /* Persistence.swift */; };
		0FBE44D32AE2C27F00ADD482 /* HeroSection.swift in Sources */ = {isa = PBXBuildFile; fileRef = 0FBE44D22AE2C27F00ADD482 /* HeroSection.swift */; };
/* End PBXBuildFile section */

/* Begin PBXFileReference section */
		0F4ED11D2AE2C72F001B76C9 /* UserManager.swift */ = {isa = PBXFileReference; lastKnownFileType = sourcecode.swift; path = UserManager.swift; sourceTree = "<group>"; };
		0FBE44A92AE2B36300ADD482 /* LittleLemon.app */ = {isa = PBXFileReference; explicitFileType = wrapper.application; includeInIndex = 0; path = LittleLemon.app; sourceTree = BUILT_PRODUCTS_DIR; };
		0FBE44AC2AE2B36300ADD482 /* LittleLemonApp.swift */ = {isa = PBXFileReference; lastKnownFileType = sourcecode.swift; path = LittleLemonApp.swift; sourceTree = "<group>"; };
		0FBE44AE2AE2B36300ADD482 /* ContentView.swift */ = {isa = PBXFileReference; lastKnownFileType = sourcecode.swift; path = ContentView.swift; sourceTree = "<group>"; };
		0FBE44B02AE2B36600ADD482 /* Assets.xcassets */ = {isa = PBXFileReference; lastKnownFileType = folder.assetcatalog; path = Assets.xcassets; sourceTree = "<group>"; };
		0FBE44B32AE2B36600ADD482 /* Preview Assets.xcassets */ = {isa = PBXFileReference; lastKnownFileType = folder.assetcatalog; path = "Preview Assets.xcassets"; sourceTree = "<group>"; };
		0FBE44BA2AE2B3AB00ADD482 /* Onboarding.swift */ = {isa = PBXFileReference; lastKnownFileType = sourcecode.swift; path = Onboarding.swift; sourceTree = "<group>"; };
		0FBE44BE2AE2BE7200ADD482 /* Home.swift */ = {isa = PBXFileReference; lastKnownFileType = sourcecode.swift; path = Home.swift; sourceTree = "<group>"; };
		0FBE44C02AE2BE8A00ADD482 /* Header.swift */ = {isa = PBXFileReference; lastKnownFileType = sourcecode.swift; path = Header.swift; sourceTree = "<group>"; };
		0FBE44C22AE2BEBF00ADD482 /* Menu.swift */ = {isa = PBXFileReference; lastKnownFileType = sourcecode.swift; path = Menu.swift; sourceTree = "<group>"; };
		0FBE44C52AE2BF7800ADD482 /* Dish.xcdatamodel */ = {isa = PBXFileReference; lastKnownFileType = wrapper.xcdatamodel; path = Dish.xcdatamodel; sourceTree = "<group>"; };
		0FBE44C72AE2BFC500ADD482 /* MenuList.swift */ = {isa = PBXFileReference; lastKnownFileType = sourcecode.swift; path = MenuList.swift; sourceTree = "<group>"; };
		0FBE44C92AE2BFE000ADD482 /* MenuItem.swift */ = {isa = PBXFileReference; lastKnownFileType = sourcecode.swift; path = MenuItem.swift; sourceTree = "<group>"; };
		0FBE44CB2AE2C0E400ADD482 /* DetailDish.swift */ = {isa = PBXFileReference; lastKnownFileType = sourcecode.swift; path = DetailDish.swift; sourceTree = "<group>"; };
		0FBE44CE2AE2C1AF00ADD482 /* FetchedObjects.swift */ = {isa = PBXFileReference; fileEncoding = 4; lastKnownFileType = sourcecode.swift; path = FetchedObjects.swift; sourceTree = "<group>"; };
		0FBE44CF2AE2C1AF00ADD482 /* Persistence.swift */ = {isa = PBXFileReference; fileEncoding = 4; lastKnownFileType = sourcecode.swift; path = Persistence.swift; sourceTree = "<group>"; };
		0FBE44D22AE2C27F00ADD482 /* HeroSection.swift */ = {isa = PBXFileReference; lastKnownFileType = sourcecode.swift; path = HeroSection.swift; sourceTree = "<group>"; };
/* End PBXFileReference section */

/* Begin PBXFrameworksBuildPhase section */
		0FBE44A62AE2B36300ADD482 /* Frameworks */ = {
			isa = PBXFrameworksBuildPhase;
			buildActionMask = 2147483647;
			files = (
			);
			runOnlyForDeploymentPostprocessing = 0;
		};
/* End PBXFrameworksBuildPhase section */

/* Begin PBXGroup section */
		0FBE44A02AE2B36300ADD482 = {
			isa = PBXGroup;
			children = (
				0FBE44AB2AE2B36300ADD482 /* LittleLemon */,
				0FBE44AA2AE2B36300ADD482 /* Products */,
			);
			sourceTree = "<group>";
		};
		0FBE44AA2AE2B36300ADD482 /* Products */ = {
			isa = PBXGroup;
			children = (
				0FBE44A92AE2B36300ADD482 /* LittleLemon.app */,
			);
			name = Products;
			sourceTree = "<group>";
		};
		0FBE44AB2AE2B36300ADD482 /* LittleLemon */ = {
			isa = PBXGroup;
			children = (
				0F4ED11D2AE2C72F001B76C9 /* UserManager.swift */,
				0FBE44AC2AE2B36300ADD482 /* LittleLemonApp.swift */,
				0FBE44AE2AE2B36300ADD482 /* ContentView.swift */,
				0FBE44B02AE2B36600ADD482 /* Assets.xcassets */,
				0FBE44B22AE2B36600ADD482 /* Preview Content */,
				0FBE44BA2AE2B3AB00ADD482 /* Onboarding.swift */,
				0FBE44BE2AE2BE7200ADD482 /* Home.swift */,
				0FBE44C02AE2BE8A00ADD482 /* Header.swift */,
				0FBE44C22AE2BEBF00ADD482 /* Menu.swift */,
				0FBE44C72AE2BFC500ADD482 /* MenuList.swift */,
				0FBE44C92AE2BFE000ADD482 /* MenuItem.swift */,
				0FBE44CB2AE2C0E400ADD482 /* DetailDish.swift */,
				0FBE44D22AE2C27F00ADD482 /* HeroSection.swift */,
				0FBE44C42AE2BF7800ADD482 /* Dish.xcdatamodeld */,
				0FBE44CD2AE2C1AF00ADD482 /* CoreData */,
			);
			path = LittleLemon;
			sourceTree = "<group>";
		};
		0FBE44B22AE2B36600ADD482 /* Preview Content */ = {
			isa = PBXGroup;
			children = (
				0FBE44B32AE2B36600ADD482 /* Preview Assets.xcassets */,
			);
			path = "Preview Content";
			sourceTree = "<group>";
		};
		0FBE44CD2AE2C1AF00ADD482 /* CoreData */ = {
			isa = PBXGroup;
			children = (
				0FBE44CE2AE2C1AF00ADD482 /* FetchedObjects.swift */,
				0FBE44CF2AE2C1AF00ADD482 /* Persistence.swift */,
			);
			path = CoreData;
			sourceTree = "<group>";
		};
/* End PBXGroup section */

/* Begin PBXNativeTarget section */
		0FBE44A82AE2B36300ADD482 /* LittleLemon */ = {
			isa = PBXNativeTarget;
			buildConfigurationList = 0FBE44B72AE2B36600ADD482 /* Build configuration list for PBXNativeTarget "LittleLemon" */;
			buildPhases = (
				0FBE44A52AE2B36300ADD482 /* Sources */,
				0FBE44A62AE2B36300ADD482 /* Frameworks */,
				0FBE44A72AE2B36300ADD482 /* Resources */,
			);
			buildRules = (
			);
			dependencies = (
			);
			name = LittleLemon;
			productName = LittleLemon;
			productReference = 0FBE44A92AE2B36300ADD482 /* LittleLemon.app */;
			productType = "com.apple.product-type.application";
		};
/* End PBXNativeTarget section */

/* Begin PBXProject section */
		0FBE44A12AE2B36300ADD482 /* Project object */ = {
			isa = PBXProject;
			attributes = {
				BuildIndependentTargetsInParallel = 1;
				LastSwiftUpdateCheck = 1420;
				LastUpgradeCheck = 1420;
				TargetAttributes = {
					0FBE44A82AE2B36300ADD482 = {
						CreatedOnToolsVersion = 14.2;
					};
				};
			};
			buildConfigurationList = 0FBE44A42AE2B36300ADD482 /* Build configuration list for PBXProject "LittleLemon" */;
			compatibilityVersion = "Xcode 14.0";
			developmentRegion = en;
			hasScannedForEncodings = 0;
			knownRegions = (
				en,
				Base,
			);
			mainGroup = 0FBE44A02AE2B36300ADD482;
			productRefGroup = 0FBE44AA2AE2B36300ADD482 /* Products */;
			projectDirPath = "";
			projectRoot = "";
			targets = (
				0FBE44A82AE2B36300ADD482 /* LittleLemon */,
			);
		};
/* End PBXProject section */

/* Begin PBXResourcesBuildPhase section */
		0FBE44A72AE2B36300ADD482 /* Resources */ = {
			isa = PBXResourcesBuildPhase;
			buildActionMask = 2147483647;
			files = (
				0FBE44B42AE2B36600ADD482 /* Preview Assets.xcassets in Resources */,
				0FBE44B12AE2B36600ADD482 /* Assets.xcassets in Resources */,
			);
			runOnlyForDeploymentPostprocessing = 0;
		};
/* End PBXResourcesBuildPhase section */

/* Begin PBXSourcesBuildPhase section */
		0FBE44A52AE2B36300ADD482 /* Sources */ = {
			isa = PBXSourcesBuildPhase;
			buildActionMask = 2147483647;
			files = (
				0FBE44C32AE2BEBF00ADD482 /* Menu.swift in Sources */,
				0FBE44C62AE2BF7800ADD482 /* Dish.xcdatamodeld in Sources */,
				0F4ED11E2AE2C72F001B76C9 /* UserManager.swift in Sources */,
				0FBE44C82AE2BFC500ADD482 /* MenuList.swift in Sources */,
				0FBE44C12AE2BE8A00ADD482 /* Header.swift in Sources */,
				0FBE44D32AE2C27F00ADD482 /* HeroSection.swift in Sources */,
				0FBE44BB2AE2B3AB00ADD482 /* Onboarding.swift in Sources */,
				0FBE44AF2AE2B36300ADD482 /* ContentView.swift in Sources */,
				0FBE44CC2AE2C0E400ADD482 /* DetailDish.swift in Sources */,
				0FBE44CA2AE2BFE000ADD482 /* MenuItem.swift in Sources */,
				0FBE44BF2AE2BE7200ADD482 /* Home.swift in Sources */,
				0FBE44D12AE2C1AF00ADD482 /* Persistence.swift in Sources */,
				0FBE44D02AE2C1AF00ADD482 /* FetchedObjects.swift in Sources */,
				0FBE44AD2AE2B36300ADD482 /* LittleLemonApp.swift in Sources */,
			);
			runOnlyForDeploymentPostprocessing = 0;
		};
/* End PBXSourcesBuildPhase section */

/* Begin XCBuildConfiguration section */
		0FBE44B52AE2B36600ADD482 /* Debug */ = {
			isa = XCBuildConfiguration;
			buildSettings = {
				ALWAYS_SEARCH_USER_PATHS = NO;
				CLANG_ANALYZER_NONNULL = YES;
				CLANG_ANALYZER_NUMBER_OBJECT_CONVERSION = YES_AGGRESSIVE;
				CLANG_CXX_LANGUAGE_STANDARD = "gnu++20";
				CLANG_ENABLE_MODULES = YES;
				CLANG_ENABLE_OBJC_ARC = YES;
				CLANG_ENABLE_OBJC_WEAK = YES;
				CLANG_WARN_BLOCK_CAPTURE_AUTORELEASING = YES;
				CLANG_WARN_BOOL_CONVERSION = YES;
				CLANG_WARN_COMMA = YES;
				CLANG_WARN_CONSTANT_CONVERSION = YES;
				CLANG_WARN_DEPRECATED_OBJC_IMPLEMENTATIONS = YES;
				CLANG_WARN_DIRECT_OBJC_ISA_USAGE = YES_ERROR;
				CLANG_WARN_DOCUMENTATION_COMMENTS = YES;
				CLANG_WARN_EMPTY_BODY = YES;
				CLANG_WARN_ENUM_CONVERSION = YES;
				CLANG_WARN_INFINITE_RECURSION = YES;
				CLANG_WARN_INT_CONVERSION = YES;
				CLANG_WARN_NON_LITERAL_NULL_CONVERSION = YES;
				CLANG_WARN_OBJC_IMPLICIT_RETAIN_SELF = YES;
				CLANG_WARN_OBJC_LITERAL_CONVERSION = YES;
				CLANG_WARN_OBJC_ROOT_CLASS = YES_ERROR;
				CLANG_WARN_QUOTED_INCLUDE_IN_FRAMEWORK_HEADER = YES;
				CLANG_WARN_RANGE_LOOP_ANALYSIS = YES;
				CLANG_WARN_STRICT_PROTOTYPES = YES;
				CLANG_WARN_SUSPICIOUS_MOVE = YES;
				CLANG_WARN_UNGUARDED_AVAILABILITY = YES_AGGRESSIVE;
				CLANG_WARN_UNREACHABLE_CODE = YES;
				CLANG_WARN__DUPLICATE_METHOD_MATCH = YES;
				COPY_PHASE_STRIP = NO;
				DEBUG_INFORMATION_FORMAT = dwarf;
				ENABLE_STRICT_OBJC_MSGSEND = YES;
				ENABLE_TESTABILITY = YES;
				GCC_C_LANGUAGE_STANDARD = gnu11;
				GCC_DYNAMIC_NO_PIC = NO;
				GCC_NO_COMMON_BLOCKS = YES;
				GCC_OPTIMIZATION_LEVEL = 0;
				GCC_PREPROCESSOR_DEFINITIONS = (
					"DEBUG=1",
					"$(inherited)",
				);
				GCC_WARN_64_TO_32_BIT_CONVERSION = YES;
				GCC_WARN_ABOUT_RETURN_TYPE = YES_ERROR;
				GCC_WARN_UNDECLARED_SELECTOR = YES;
				GCC_WARN_UNINITIALIZED_AUTOS = YES_AGGRESSIVE;
				GCC_WARN_UNUSED_FUNCTION = YES;
				GCC_WARN_UNUSED_VARIABLE = YES;
				IPHONEOS_DEPLOYMENT_TARGET = 16.2;
				MTL_ENABLE_DEBUG_INFO = INCLUDE_SOURCE;
				MTL_FAST_MATH = YES;
				ONLY_ACTIVE_ARCH = YES;
				SDKROOT = iphoneos;
				SWIFT_ACTIVE_COMPILATION_CONDITIONS = DEBUG;
				SWIFT_OPTIMIZATION_LEVEL = "-Onone";
			};
			name = Debug;
		};
		0FBE44B62AE2B36600ADD482 /* Release */ = {
			isa = XCBuildConfiguration;
			buildSettings = {
				ALWAYS_SEARCH_USER_PATHS = NO;
				CLANG_ANALYZER_NONNULL = YES;
				CLANG_ANALYZER_NUMBER_OBJECT_CONVERSION = YES_AGGRESSIVE;
				CLANG_CXX_LANGUAGE_STANDARD = "gnu++20";
				CLANG_ENABLE_MODULES = YES;
				CLANG_ENABLE_OBJC_ARC = YES;
				CLANG_ENABLE_OBJC_WEAK = YES;
				CLANG_WARN_BLOCK_CAPTURE_AUTORELEASING = YES;
				CLANG_WARN_BOOL_CONVERSION = YES;
				CLANG_WARN_COMMA = YES;
				CLANG_WARN_CONSTANT_CONVERSION = YES;
				CLANG_WARN_DEPRECATED_OBJC_IMPLEMENTATIONS = YES;
				CLANG_WARN_DIRECT_OBJC_ISA_USAGE = YES_ERROR;
				CLANG_WARN_DOCUMENTATION_COMMENTS = YES;
				CLANG_WARN_EMPTY_BODY = YES;
				CLANG_WARN_ENUM_CONVERSION = YES;
				CLANG_WARN_INFINITE_RECURSION = YES;
				CLANG_WARN_INT_CONVERSION = YES;
				CLANG_WARN_NON_LITERAL_NULL_CONVERSION = YES;
				CLANG_WARN_OBJC_IMPLICIT_RETAIN_SELF = YES;
				CLANG_WARN_OBJC_LITERAL_CONVERSION = YES;
				CLANG_WARN_OBJC_ROOT_CLASS = YES_ERROR;
				CLANG_WARN_QUOTED_INCLUDE_IN_FRAMEWORK_HEADER = YES;
				CLANG_WARN_RANGE_LOOP_ANALYSIS = YES;
				CLANG_WARN_STRICT_PROTOTYPES = YES;
				CLANG_WARN_SUSPICIOUS_MOVE = YES;
				CLANG_WARN_UNGUARDED_AVAILABILITY = YES_AGGRESSIVE;
				CLANG_WARN_UNREACHABLE_CODE = YES;
				CLANG_WARN__DUPLICATE_METHOD_MATCH = YES;
				COPY_PHASE_STRIP = NO;
				DEBUG_INFORMATION_FORMAT = "dwarf-with-dsym";
				ENABLE_NS_ASSERTIONS = NO;
				ENABLE_STRICT_OBJC_MSGSEND = YES;
				GCC_C_LANGUAGE_STANDARD = gnu11;
				GCC_NO_COMMON_BLOCKS = YES;
				GCC_WARN_64_TO_32_BIT_CONVERSION = YES;
				GCC_WARN_ABOUT_RETURN_TYPE = YES_ERROR;
				GCC_WARN_UNDECLARED_SELECTOR = YES;
				GCC_WARN_UNINITIALIZED_AUTOS = YES_AGGRESSIVE;
				GCC_WARN_UNUSED_FUNCTION = YES;
				GCC_WARN_UNUSED_VARIABLE = YES;
				IPHONEOS_DEPLOYMENT_TARGET = 16.2;
				MTL_ENABLE_DEBUG_INFO = NO;
				MTL_FAST_MATH = YES;
				SDKROOT = iphoneos;
				SWIFT_COMPILATION_MODE = wholemodule;
				SWIFT_OPTIMIZATION_LEVEL = "-O";
				VALIDATE_PRODUCT = YES;
			};
			name = Release;
		};
		0FBE44B82AE2B36600ADD482 /* Debug */ = {
			isa = XCBuildConfiguration;
			buildSettings = {
				ASSETCATALOG_COMPILER_APPICON_NAME = AppIcon;
				ASSETCATALOG_COMPILER_GLOBAL_ACCENT_COLOR_NAME = AccentColor;
				CODE_SIGN_STYLE = Automatic;
				CURRENT_PROJECT_VERSION = 1;
				DEVELOPMENT_ASSET_PATHS = "\"LittleLemon/Preview Content\"";
				ENABLE_PREVIEWS = YES;
				GENERATE_INFOPLIST_FILE = YES;
				INFOPLIST_KEY_UIApplicationSceneManifest_Generation = YES;
				INFOPLIST_KEY_UIApplicationSupportsIndirectInputEvents = YES;
				INFOPLIST_KEY_UILaunchScreen_Generation = YES;
				INFOPLIST_KEY_UISupportedInterfaceOrientations_iPad = "UIInterfaceOrientationPortrait UIInterfaceOrientationPortraitUpsideDown UIInterfaceOrientationLandscapeLeft UIInterfaceOrientationLandscapeRight";
				INFOPLIST_KEY_UISupportedInterfaceOrientations_iPhone = "UIInterfaceOrientationPortrait UIInterfaceOrientationLandscapeLeft UIInterfaceOrientationLandscapeRight";
				LD_RUNPATH_SEARCH_PATHS = (
					"$(inherited)",
					"@executable_path/Frameworks",
				);
				MARKETING_VERSION = 1.0;
				PRODUCT_BUNDLE_IDENTIFIER = mobileApp.LittleLemon;
				PRODUCT_NAME = "$(TARGET_NAME)";
				SWIFT_EMIT_LOC_STRINGS = YES;
				SWIFT_VERSION = 5.0;
				TARGETED_DEVICE_FAMILY = "1,2";
			};
			name = Debug;
		};
		0FBE44B92AE2B36600ADD482 /* Release */ = {
			isa = XCBuildConfiguration;
			buildSettings = {
				ASSETCATALOG_COMPILER_APPICON_NAME = AppIcon;
				ASSETCATALOG_COMPILER_GLOBAL_ACCENT_COLOR_NAME = AccentColor;
				CODE_SIGN_STYLE = Automatic;
				CURRENT_PROJECT_VERSION = 1;
				DEVELOPMENT_ASSET_PATHS = "\"LittleLemon/Preview Content\"";
				ENABLE_PREVIEWS = YES;
				GENERATE_INFOPLIST_FILE = YES;
				INFOPLIST_KEY_UIApplicationSceneManifest_Generation = YES;
				INFOPLIST_KEY_UIApplicationSupportsIndirectInputEvents = YES;
				INFOPLIST_KEY_UILaunchScreen_Generation = YES;
				INFOPLIST_KEY_UISupportedInterfaceOrientations_iPad = "UIInterfaceOrientationPortrait UIInterfaceOrientationPortraitUpsideDown UIInterfaceOrientationLandscapeLeft UIInterfaceOrientationLandscapeRight";
				INFOPLIST_KEY_UISupportedInterfaceOrientations_iPhone = "UIInterfaceOrientationPortrait UIInterfaceOrientationLandscapeLeft UIInterfaceOrientationLandscapeRight";
				LD_RUNPATH_SEARCH_PATHS = (
					"$(inherited)",
					"@executable_path/Frameworks",
				);
				MARKETING_VERSION = 1.0;
				PRODUCT_BUNDLE_IDENTIFIER = mobileApp.LittleLemon;
				PRODUCT_NAME = "$(TARGET_NAME)";
				SWIFT_EMIT_LOC_STRINGS = YES;
				SWIFT_VERSION = 5.0;
				TARGETED_DEVICE_FAMILY = "1,2";
			};
			name = Release;
		};
/* End XCBuildConfiguration section */

/* Begin XCConfigurationList section */
		0FBE44A42AE2B36300ADD482 /* Build configuration list for PBXProject "LittleLemon" */ = {
			isa = XCConfigurationList;
			buildConfigurations = (
				0FBE44B52AE2B36600ADD482 /* Debug */,
				0FBE44B62AE2B36600ADD482 /* Release */,
			);
			defaultConfigurationIsVisible = 0;
			defaultConfigurationName = Release;
		};
		0FBE44B72AE2B36600ADD482 /* Build configuration list for PBXNativeTarget "LittleLemon" */ = {
			isa = XCConfigurationList;
			buildConfigurations = (
				0FBE44B82AE2B36600ADD482 /* Debug */,
				0FBE44B92AE2B36600ADD482 /* Release */,
			);
			defaultConfigurationIsVisible = 0;
			defaultConfigurationName = Release;
		};
/* End XCConfigurationList section */

/* Begin XCVersionGroup section */
		0FBE44C42AE2BF7800ADD482 /* Dish.xcdatamodeld */ = {
			isa = XCVersionGroup;
			children = (
				0FBE44C52AE2BF7800ADD482 /* Dish.xcdatamodel */,
			);
			currentVersion = 0FBE44C52AE2BF7800ADD482 /* Dish.xcdatamodel */;
			path = Dish.xcdatamodeld;
			sourceTree = "<group>";
			versionGroupType = wrapper.xcdatamodel;
		};
/* End XCVersionGroup section */
	};
	rootObject = 0FBE44A12AE2B36300ADD482 /* Project object */;
}
